
Microsoft Visual Studio Solution File, Format Version 12.00
# Visual Studio Version 17
VisualStudioVersion = 17.11.35327.3
MinimumVisualStudioVersion = 10.0.40219.1
Project("{9A19103F-16F7-4668-BE54-9A1E7A4F7556}") = "ZooSimulator", "ZooSimulator.csproj", "{408ADBD7-7788-4755-AFE0-BF5A97DFA455}"
EndProject
Project("{9A19103F-16F7-4668-BE54-9A1E7A4F7556}") = "ZooSimulatorLibrary", "..\ZooSimulatorLibrary\ZooSimulatorLibrary.csproj", "{17087BDF-2AC4-4D12-9FBD-E430D62362D1}"
EndProject
Global
	GlobalSection(SolutionConfigurationPlatforms) = preSolution
		Debug|Any CPU = Debug|Any CPU
		Release|Any CPU = Release|Any CPU
	EndGlobalSection
	GlobalSection(ProjectConfigurationPlatforms) = postSolution
		{408ADBD7-7788-4755-AFE0-BF5A97DFA455}.Debug|Any CPU.ActiveCfg = Debug|Any CPU
		{408ADBD7-7788-4755-AFE0-BF5A97DFA455}.Debug|Any CPU.Build.0 = Debug|Any CPU
		{408ADBD7-7788-4755-AFE0-BF5A97DFA455}.Release|Any CPU.ActiveCfg = Release|Any CPU
		{408ADBD7-7788-4755-AFE0-BF5A97DFA455}.Release|Any CPU.Build.0 = Release|Any CPU
		{17087BDF-2AC4-4D12-9FBD-E430D62362D1}.Debug|Any CPU.ActiveCfg = Debug|Any CPU
		{17087BDF-2AC4-4D12-9FBD-E430D62362D1}.Debug|Any CPU.Build.0 = Debug|Any CPU
		{17087BDF-2AC4-4D12-9FBD-E430D62362D1}.Release|Any CPU.ActiveCfg = Release|Any CPU
		{17087BDF-2AC4-4D12-9FBD-E430D62362D1}.Release|Any CPU.Build.0 = Release|Any CPU
	EndGlobalSection
	GlobalSection(SolutionProperties) = preSolution
		HideSolutionNode = FALSE
	EndGlobalSection
	GlobalSection(ExtensibilityGlobals) = postSolution
		SolutionGuid = {E5211A13-E57E-49AC-A44F-EE28F3779BEE}
	EndGlobalSection
EndGlobal
